
Microsoft Visual Studio Solution File, Format Version 12.00
# Visual Studio 14
VisualStudioVersion = 14.0.25123.0
MinimumVisualStudioVersion = 10.0.40219.1
Project("{FAE04EC0-301F-11D3-BF4B-00C04F79EFBC}") = "SmartDumper", "SmartDumper.csproj", "{249B7066-F508-4AF1-8FB4-F9BF33EC5BE8}"
EndProject
Project("{FAE04EC0-301F-11D3-BF4B-00C04F79EFBC}") = "DumperTest", "..\DumperTest\DumperTest.csproj", "{A2BAE85F-B765-4B82-AA64-9BB8051E2396}"
EndProject
Global
	GlobalSection(SolutionConfigurationPlatforms) = preSolution
		Debug|Any CPU = Debug|Any CPU
		Release|Any CPU = Release|Any CPU
	EndGlobalSection
	GlobalSection(ProjectConfigurationPlatforms) = postSolution
		{249B7066-F508-4AF1-8FB4-F9BF33EC5BE8}.Debug|Any CPU.ActiveCfg = Debug|Any CPU
		{249B7066-F508-4AF1-8FB4-F9BF33EC5BE8}.Debug|Any CPU.Build.0 = Debug|Any CPU
		{249B7066-F508-4AF1-8FB4-F9BF33EC5BE8}.Release|Any CPU.ActiveCfg = Release|Any CPU
		{249B7066-F508-4AF1-8FB4-F9BF33EC5BE8}.Release|Any CPU.Build.0 = Release|Any CPU
		{A2BAE85F-B765-4B82-AA64-9BB8051E2396}.Debug|Any CPU.ActiveCfg = Debug|Any CPU
		{A2BAE85F-B765-4B82-AA64-9BB8051E2396}.Debug|Any CPU.Build.0 = Debug|Any CPU
		{A2BAE85F-B765-4B82-AA64-9BB8051E2396}.Release|Any CPU.ActiveCfg = Release|Any CPU
		{A2BAE85F-B765-4B82-AA64-9BB8051E2396}.Release|Any CPU.Build.0 = Release|Any CPU
	EndGlobalSection
	GlobalSection(SolutionProperties) = preSolution
		HideSolutionNode = FALSE
	EndGlobalSection
EndGlobal
